# THIS IS AN AUTOGENERATED FILE. DO NOT EDIT THIS FILE DIRECTLY.
# yarn lockfile v1


"@alcalzone/ansi-tokenize@^0.1.3":
  version "0.1.3"
  resolved "https://registry.yarnpkg.com/@alcalzone/ansi-tokenize/-/ansi-tokenize-0.1.3.tgz#9f89839561325a8e9a0c32360b8d17e48489993f"
  integrity sha512-3yWxPTq3UQ/FY9p1ErPxIyfT64elWaMvM9lIHnaqpyft63tkxodF5aUElYHrdisWve5cETkh1+KBw1yJuW0aRw==
  dependencies:
    ansi-styles "^6.2.1"
    is-fullwidth-code-point "^4.0.0"

"@cspotcode/source-map-support@^0.8.0":
  version "0.8.1"
  resolved "https://registry.yarnpkg.com/@cspotcode/source-map-support/-/source-map-support-0.8.1.tgz#00629c35a688e05a88b1cda684fb9d5e73f000a1"
  integrity sha512-IchNf6dN4tHoMFIn/7OE8LWZ19Y6q/67Bmf6vnGREv8RSbBVb9LPJxEcnwrcwX6ixSvaiGoomAUvu4YSxXrVgw==
  dependencies:
    "@jridgewell/trace-mapping" "0.3.9"

"@esbuild/android-arm64@0.19.5":
  version "0.19.5"
  resolved "https://registry.yarnpkg.com/@esbuild/android-arm64/-/android-arm64-0.19.5.tgz#276c5f99604054d3dbb733577e09adae944baa90"
  integrity sha512-5d1OkoJxnYQfmC+Zd8NBFjkhyCNYwM4n9ODrycTFY6Jk1IGiZ+tjVJDDSwDt77nK+tfpGP4T50iMtVi4dEGzhQ==

"@esbuild/android-arm@0.19.5":
  version "0.19.5"
  resolved "https://registry.yarnpkg.com/@esbuild/android-arm/-/android-arm-0.19.5.tgz#4a3cbf14758166abaae8ba9c01a80e68342a4eec"
  integrity sha512-bhvbzWFF3CwMs5tbjf3ObfGqbl/17ict2/uwOSfr3wmxDE6VdS2GqY/FuzIPe0q0bdhj65zQsvqfArI9MY6+AA==

"@esbuild/android-x64@0.19.5":
  version "0.19.5"
  resolved "https://registry.yarnpkg.com/@esbuild/android-x64/-/android-x64-0.19.5.tgz#21a3d11cd4613d2d3c5ccb9e746c254eb9265b0a"
  integrity sha512-9t+28jHGL7uBdkBjL90QFxe7DVA+KGqWlHCF8ChTKyaKO//VLuoBricQCgwhOjA1/qOczsw843Fy4cbs4H3DVA==

"@esbuild/darwin-arm64@0.19.5":
  version "0.19.5"
  resolved "https://registry.yarnpkg.com/@esbuild/darwin-arm64/-/darwin-arm64-0.19.5.tgz#714cb839f467d6a67b151ee8255886498e2b9bf6"
  integrity sha512-mvXGcKqqIqyKoxq26qEDPHJuBYUA5KizJncKOAf9eJQez+L9O+KfvNFu6nl7SCZ/gFb2QPaRqqmG0doSWlgkqw==

"@esbuild/darwin-x64@0.19.5":
  version "0.19.5"
  resolved "https://registry.yarnpkg.com/@esbuild/darwin-x64/-/darwin-x64-0.19.5.tgz#2c553e97a6d2b4ae76a884e35e6cbab85a990bbf"
  integrity sha512-Ly8cn6fGLNet19s0X4unjcniX24I0RqjPv+kurpXabZYSXGM4Pwpmf85WHJN3lAgB8GSth7s5A0r856S+4DyiA==

"@esbuild/freebsd-arm64@0.19.5":
  version "0.19.5"
  resolved "https://registry.yarnpkg.com/@esbuild/freebsd-arm64/-/freebsd-arm64-0.19.5.tgz#d554f556718adb31917a0da24277bf84b6ee87f3"
  integrity sha512-GGDNnPWTmWE+DMchq1W8Sd0mUkL+APvJg3b11klSGUDvRXh70JqLAO56tubmq1s2cgpVCSKYywEiKBfju8JztQ==

"@esbuild/freebsd-x64@0.19.5":
  version "0.19.5"
  resolved "https://registry.yarnpkg.com/@esbuild/freebsd-x64/-/freebsd-x64-0.19.5.tgz#288f7358a3bb15d99e73c65c9adaa3dabb497432"
  integrity sha512-1CCwDHnSSoA0HNwdfoNY0jLfJpd7ygaLAp5EHFos3VWJCRX9DMwWODf96s9TSse39Br7oOTLryRVmBoFwXbuuQ==

"@esbuild/linux-arm64@0.19.5":
  version "0.19.5"
  resolved "https://registry.yarnpkg.com/@esbuild/linux-arm64/-/linux-arm64-0.19.5.tgz#95933ae86325c93cb6b5e8333d22120ecfdc901b"
  integrity sha512-o3vYippBmSrjjQUCEEiTZ2l+4yC0pVJD/Dl57WfPwwlvFkrxoSO7rmBZFii6kQB3Wrn/6GwJUPLU5t52eq2meA==

"@esbuild/linux-arm@0.19.5":
  version "0.19.5"
  resolved "https://registry.yarnpkg.com/@esbuild/linux-arm/-/linux-arm-0.19.5.tgz#0acef93aa3e0579e46d33b666627bddb06636664"
  integrity sha512-lrWXLY/vJBzCPC51QN0HM71uWgIEpGSjSZZADQhq7DKhPcI6NH1IdzjfHkDQws2oNpJKpR13kv7/pFHBbDQDwQ==

"@esbuild/linux-ia32@0.19.5":
  version "0.19.5"
  resolved "https://registry.yarnpkg.com/@esbuild/linux-ia32/-/linux-ia32-0.19.5.tgz#b6e5c9e80b42131cbd6b1ddaa48c92835f1ed67f"
  integrity sha512-MkjHXS03AXAkNp1KKkhSKPOCYztRtK+KXDNkBa6P78F8Bw0ynknCSClO/ztGszILZtyO/lVKpa7MolbBZ6oJtQ==

"@esbuild/linux-loong64@0.19.5":
  version "0.19.5"
  resolved "https://registry.yarnpkg.com/@esbuild/linux-loong64/-/linux-loong64-0.19.5.tgz#e5f0cf95a180158b01ff5f417da796a1c09dfbea"
  integrity sha512-42GwZMm5oYOD/JHqHska3Jg0r+XFb/fdZRX+WjADm3nLWLcIsN27YKtqxzQmGNJgu0AyXg4HtcSK9HuOk3v1Dw==

"@esbuild/linux-mips64el@0.19.5":
  version "0.19.5"
  resolved "https://registry.yarnpkg.com/@esbuild/linux-mips64el/-/linux-mips64el-0.19.5.tgz#ae36fb86c7d5f641f3a0c8472e83dcb6ea36a408"
  integrity sha512-kcjndCSMitUuPJobWCnwQ9lLjiLZUR3QLQmlgaBfMX23UEa7ZOrtufnRds+6WZtIS9HdTXqND4yH8NLoVVIkcg==

"@esbuild/linux-ppc64@0.19.5":
  version "0.19.5"
  resolved "https://registry.yarnpkg.com/@esbuild/linux-ppc64/-/linux-ppc64-0.19.5.tgz#7960cb1666f0340ddd9eef7b26dcea3835d472d0"
  integrity sha512-yJAxJfHVm0ZbsiljbtFFP1BQKLc8kUF6+17tjQ78QjqjAQDnhULWiTA6u0FCDmYT1oOKS9PzZ2z0aBI+Mcyj7Q==

"@esbuild/linux-riscv64@0.19.5":
  version "0.19.5"
  resolved "https://registry.yarnpkg.com/@esbuild/linux-riscv64/-/linux-riscv64-0.19.5.tgz#32207df26af60a3a9feea1783fc21b9817bade19"
  integrity sha512-5u8cIR/t3gaD6ad3wNt1MNRstAZO+aNyBxu2We8X31bA8XUNyamTVQwLDA1SLoPCUehNCymhBhK3Qim1433Zag==

"@esbuild/linux-s390x@0.19.5":
  version "0.19.5"
  resolved "https://registry.yarnpkg.com/@esbuild/linux-s390x/-/linux-s390x-0.19.5.tgz#b38d5681db89a3723862dfa792812397b1510a7d"
  integrity sha512-Z6JrMyEw/EmZBD/OFEFpb+gao9xJ59ATsoTNlj39jVBbXqoZm4Xntu6wVmGPB/OATi1uk/DB+yeDPv2E8PqZGw==

"@esbuild/linux-x64@0.19.5":
  version "0.19.5"
  resolved "https://registry.yarnpkg.com/@esbuild/linux-x64/-/linux-x64-0.19.5.tgz#46feba2ad041a241379d150f415b472fe3885075"
  integrity sha512-psagl+2RlK1z8zWZOmVdImisMtrUxvwereIdyJTmtmHahJTKb64pAcqoPlx6CewPdvGvUKe2Jw+0Z/0qhSbG1A==

"@esbuild/netbsd-x64@0.19.5":
  version "0.19.5"
  resolved "https://registry.yarnpkg.com/@esbuild/netbsd-x64/-/netbsd-x64-0.19.5.tgz#3b5c1fb068f26bfc681d31f682adf1bea4ef0702"
  integrity sha512-kL2l+xScnAy/E/3119OggX8SrWyBEcqAh8aOY1gr4gPvw76la2GlD4Ymf832UCVbmuWeTf2adkZDK+h0Z/fB4g==

"@esbuild/openbsd-x64@0.19.5":
  version "0.19.5"
  resolved "https://registry.yarnpkg.com/@esbuild/openbsd-x64/-/openbsd-x64-0.19.5.tgz#ca6830316ca68056c5c88a875f103ad3235e00db"
  integrity sha512-sPOfhtzFufQfTBgRnE1DIJjzsXukKSvZxloZbkJDG383q0awVAq600pc1nfqBcl0ice/WN9p4qLc39WhBShRTA==

"@esbuild/sunos-x64@0.19.5":
  version "0.19.5"
  resolved "https://registry.yarnpkg.com/@esbuild/sunos-x64/-/sunos-x64-0.19.5.tgz#9efc4eb9539a7be7d5a05ada52ee43cda0d8e2dd"
  integrity sha512-dGZkBXaafuKLpDSjKcB0ax0FL36YXCvJNnztjKV+6CO82tTYVDSH2lifitJ29jxRMoUhgkg9a+VA/B03WK5lcg==

"@esbuild/win32-arm64@0.19.5":
  version "0.19.5"
  resolved "https://registry.yarnpkg.com/@esbuild/win32-arm64/-/win32-arm64-0.19.5.tgz#29f8184afa7a02a956ebda4ed638099f4b8ff198"
  integrity sha512-dWVjD9y03ilhdRQ6Xig1NWNgfLtf2o/STKTS+eZuF90fI2BhbwD6WlaiCGKptlqXlURVB5AUOxUj09LuwKGDTg==

"@esbuild/win32-ia32@0.19.5":
  version "0.19.5"
  resolved "https://registry.yarnpkg.com/@esbuild/win32-ia32/-/win32-ia32-0.19.5.tgz#f3de07afb292ecad651ae4bb8727789de2d95b05"
  integrity sha512-4liggWIA4oDgUxqpZwrDhmEfAH4d0iljanDOK7AnVU89T6CzHon/ony8C5LeOdfgx60x5cnQJFZwEydVlYx4iw==

"@esbuild/win32-x64@0.19.5":
  version "0.19.5"
  resolved "https://registry.yarnpkg.com/@esbuild/win32-x64/-/win32-x64-0.19.5.tgz#faad84c41ba12e3a0acb52571df9bff37bee75f6"
  integrity sha512-czTrygUsB/jlM8qEW5MD8bgYU2Xg14lo6kBDXW6HdxKjh8M5PzETGiSHaz9MtbXBYDloHNUAUW2tMiKW4KM9Mw==

"@jridgewell/resolve-uri@^3.0.3":
  version "3.1.1"
  resolved "https://registry.yarnpkg.com/@jridgewell/resolve-uri/-/resolve-uri-3.1.1.tgz#c08679063f279615a3326583ba3a90d1d82cc721"
  integrity sha512-dSYZh7HhCDtCKm4QakX0xFpsRDqjjtZf/kjI/v3T3Nwt5r8/qz/M19F9ySyOqU94SXBmeG9ttTul+YnR4LOxFA==

"@jridgewell/sourcemap-codec@^1.4.10":
  version "1.4.15"
  resolved "https://registry.yarnpkg.com/@jridgewell/sourcemap-codec/-/sourcemap-codec-1.4.15.tgz#d7c6e6755c78567a951e04ab52ef0fd26de59f32"
  integrity sha512-eF2rxCRulEKXHTRiDrDy6erMYWqNw4LPdQ8UQA4huuxaQsVeRPFl2oM8oDGxMFhJUWZf9McpLtJasDDZb/Bpeg==

"@jridgewell/trace-mapping@0.3.9":
  version "0.3.9"
  resolved "https://registry.yarnpkg.com/@jridgewell/trace-mapping/-/trace-mapping-0.3.9.tgz#6534fd5933a53ba7cbf3a17615e273a0d1273ff9"
  integrity sha512-3Belt6tdc8bPgAtbcmdtNJlirVoTmEb5e2gC94PnkwEW9jI6CAHUeoG85tjWP5WquqfavoMtMwiG4P926ZKKuQ==
  dependencies:
    "@jridgewell/resolve-uri" "^3.0.3"
    "@jridgewell/sourcemap-codec" "^1.4.10"

"@tsconfig/node10@^1.0.7":
  version "1.0.9"
  resolved "https://registry.yarnpkg.com/@tsconfig/node10/-/node10-1.0.9.tgz#df4907fc07a886922637b15e02d4cebc4c0021b2"
  integrity sha512-jNsYVVxU8v5g43Erja32laIDHXeoNvFEpX33OK4d6hljo3jDhCBDhx5dhCCTMWUojscpAagGiRkBKxpdl9fxqA==

"@tsconfig/node12@^1.0.7":
  version "1.0.11"
  resolved "https://registry.yarnpkg.com/@tsconfig/node12/-/node12-1.0.11.tgz#ee3def1f27d9ed66dac6e46a295cffb0152e058d"
  integrity sha512-cqefuRsh12pWyGsIoBKJA9luFu3mRxCA+ORZvA4ktLSzIuCUtWVxGIuXigEwO5/ywWFMZ2QEGKWvkZG1zDMTag==

"@tsconfig/node14@^1.0.0":
  version "1.0.3"
  resolved "https://registry.yarnpkg.com/@tsconfig/node14/-/node14-1.0.3.tgz#e4386316284f00b98435bf40f72f75a09dabf6c1"
  integrity sha512-ysT8mhdixWK6Hw3i1V2AeRqZ5WfXg1G43mqoYlM2nc6388Fq5jcXyr5mRsqViLx/GJYdoL0bfXD8nmF+Zn/Iow==

"@tsconfig/node16@^1.0.2":
  version "1.0.4"
  resolved "https://registry.yarnpkg.com/@tsconfig/node16/-/node16-1.0.4.tgz#0b92dcc0cc1c81f6f306a381f28e31b1a56536e9"
  integrity sha512-vxhUy4J8lyeyinH7Azl1pdd43GJhZH/tP2weN8TntQblOY+A0XbT8DJk1/oCPuOOyg/Ja757rG0CgHcWC8OfMA==

"@types/node@^20.8.10":
  version "20.8.10"
  resolved "https://registry.yarnpkg.com/@types/node/-/node-20.8.10.tgz#a5448b895c753ae929c26ce85cab557c6d4a365e"
  integrity sha512-TlgT8JntpcbmKUFzjhsyhGfP2fsiz1Mv56im6enJ905xG1DAYesxJaeSbGqQmAw8OWPdhyJGhGSQGKRNJ45u9w==
  dependencies:
    undici-types "~5.26.4"

"@types/prop-types@*":
  version "15.7.9"
  resolved "https://registry.yarnpkg.com/@types/prop-types/-/prop-types-15.7.9.tgz#b6f785caa7ea1fe4414d9df42ee0ab67f23d8a6d"
  integrity sha512-n1yyPsugYNSmHgxDFjicaI2+gCNjsBck8UX9kuofAKlc0h1bL+20oSF72KeNaW2DUlesbEVCFgyV2dPGTiY42g==

"@types/react@^18.2.34":
  version "18.2.34"
  resolved "https://registry.yarnpkg.com/@types/react/-/react-18.2.34.tgz#aed20f19473721ba328feb99d1ec3307ebc1a8dd"
  integrity sha512-U6eW/alrRk37FU/MS2RYMjx0Va2JGIVXELTODaTIYgvWGCV4Y4TfTUzG8DdmpDNIT0Xpj/R7GfyHOJJrDttcvg==
  dependencies:
    "@types/prop-types" "*"
    "@types/scheduler" "*"
    csstype "^3.0.2"

"@types/scheduler@*":
  version "0.16.5"
  resolved "https://registry.yarnpkg.com/@types/scheduler/-/scheduler-0.16.5.tgz#4751153abbf8d6199babb345a52e1eb4167d64af"
  integrity sha512-s/FPdYRmZR8SjLWGMCuax7r3qCWQw9QKHzXVukAuuIJkXkDRwp+Pu5LMIVFi0Fxbav35WURicYr8u1QsoybnQw==

acorn-walk@^8.1.1:
  version "8.3.0"
  resolved "https://registry.yarnpkg.com/acorn-walk/-/acorn-walk-8.3.0.tgz#2097665af50fd0cf7a2dfccd2b9368964e66540f"
  integrity sha512-FS7hV565M5l1R08MXqo8odwMTB02C2UqzB17RVgu9EyuYFBqJZ3/ZY97sQD5FewVu1UyDFc1yztUDrAwT0EypA==

acorn@^8.4.1:
  version "8.11.2"
  resolved "https://registry.yarnpkg.com/acorn/-/acorn-8.11.2.tgz#ca0d78b51895be5390a5903c5b3bdcdaf78ae40b"
  integrity sha512-nc0Axzp/0FILLEVsm4fNwLCwMttvhEI263QtVPQcbpfZZ3ts0hLsZGOpE6czNlid7CJ9MlyH8reXkpsf3YUY4w==

ansi-escapes@^6.0.0:
  version "6.2.0"
  resolved "https://registry.yarnpkg.com/ansi-escapes/-/ansi-escapes-6.2.0.tgz#8a13ce75286f417f1963487d86ba9f90dccf9947"
  integrity sha512-kzRaCqXnpzWs+3z5ABPQiVke+iq0KXkHo8xiWV4RPTi5Yli0l97BEQuhXV1s7+aSU/fu1kUuxgS4MsQ0fRuygw==
  dependencies:
    type-fest "^3.0.0"

ansi-regex@^6.0.1:
  version "6.0.1"
  resolved "https://registry.yarnpkg.com/ansi-regex/-/ansi-regex-6.0.1.tgz#3183e38fae9a65d7cb5e53945cd5897d0260a06a"
  integrity sha512-n5M855fKb2SsfMIiFFoVrABHJC8QtHwVx+mHWP3QcEqBHYienj5dHSgjbxtC0WEZXYt4wcD6zrQElDPhFuZgfA==

ansi-styles@^6.0.0, ansi-styles@^6.1.0, ansi-styles@^6.2.1:
  version "6.2.1"
  resolved "https://registry.yarnpkg.com/ansi-styles/-/ansi-styles-6.2.1.tgz#0e62320cf99c21afff3b3012192546aacbfb05c5"
  integrity sha512-bN798gFfQX+viw3R7yrGWRqnrN2oRkEkUjjl4JNn4E8GxxbjtG3FbrEIIY3l8/hrwUwIeCZvi4QuOTP4MErVug==

arg@^4.1.0:
  version "4.1.3"
  resolved "https://registry.yarnpkg.com/arg/-/arg-4.1.3.tgz#269fc7ad5b8e42cb63c896d5666017261c144089"
  integrity sha512-58S9QDqG0Xx27YwPSt9fJxivjYl432YCwfDMfZ+71RAqUrZef7LrKQZ3LHLOwCS4FLNBplP533Zx895SeOCHvA==

auto-bind@^5.0.1:
  version "5.0.1"
  resolved "https://registry.yarnpkg.com/auto-bind/-/auto-bind-5.0.1.tgz#50d8e63ea5a1dddcb5e5e36451c1a8266ffbb2ae"
  integrity sha512-ooviqdwwgfIfNmDwo94wlshcdzfO64XV0Cg6oDsDYBJfITDz1EngD2z7DkbvCWn+XIMsIqW27sEVF6qcpJrRcg==

chalk@^5.2.0, chalk@^5.3.0:
  version "5.3.0"
  resolved "https://registry.yarnpkg.com/chalk/-/chalk-5.3.0.tgz#67c20a7ebef70e7f3970a01f90fa210cb6860385"
  integrity sha512-dLitG79d+GV1Nb/VYcCDFivJeK1hiukt9QjRNVOsUtTy1rR1YJsmpGGTZ3qJos+uw7WmWF4wUwBd9jxjocFC2w==

ci-info@^3.2.0:
  version "3.9.0"
  resolved "https://registry.yarnpkg.com/ci-info/-/ci-info-3.9.0.tgz#4279a62028a7b1f262f3473fc9605f5e218c59b4"
  integrity sha512-NIxF55hv4nSqQswkAeiOi1r83xy8JldOFDTWiug55KBu9Jnblncd2U6ViHmYgHf01TPZS77NJBhBMKdWj9HQMQ==

cli-boxes@^3.0.0:
  version "3.0.0"
  resolved "https://registry.yarnpkg.com/cli-boxes/-/cli-boxes-3.0.0.tgz#71a10c716feeba005e4504f36329ef0b17cf3145"
  integrity sha512-/lzGpEWL/8PfI0BmBOPRwp0c/wFNX1RdUML3jK/RcSBA9T8mZDdQpqYBKtCFTOfQbwPqWEOpjqW+Fnayc0969g==

cli-cursor@^4.0.0:
  version "4.0.0"
  resolved "https://registry.yarnpkg.com/cli-cursor/-/cli-cursor-4.0.0.tgz#3cecfe3734bf4fe02a8361cbdc0f6fe28c6a57ea"
  integrity sha512-VGtlMu3x/4DOtIUwEkRezxUZ2lBacNJCHash0N0WeZDBS+7Ux1dm3XWAgWYxLJFMMdOeXMHXorshEFhbMSGelg==
  dependencies:
    restore-cursor "^4.0.0"

cli-truncate@^3.1.0:
  version "3.1.0"
  resolved "https://registry.yarnpkg.com/cli-truncate/-/cli-truncate-3.1.0.tgz#3f23ab12535e3d73e839bb43e73c9de487db1389"
  integrity sha512-wfOBkjXteqSnI59oPcJkcPl/ZmwvMMOj340qUIY1SKZCv0B9Cf4D4fAucRkIKQmsIuYK3x1rrgU7MeGRruiuiA==
  dependencies:
    slice-ansi "^5.0.0"
    string-width "^5.0.0"

code-excerpt@^4.0.0:
  version "4.0.0"
  resolved "https://registry.yarnpkg.com/code-excerpt/-/code-excerpt-4.0.0.tgz#2de7d46e98514385cb01f7b3b741320115f4c95e"
  integrity sha512-xxodCmBen3iy2i0WtAK8FlFNrRzjUqjRsMfho58xT/wvZU1YTM3fCnRjcy1gJPMepaRlgm/0e6w8SpWHpn3/cA==
  dependencies:
    convert-to-spaces "^2.0.1"

convert-to-spaces@^2.0.1:
  version "2.0.1"
  resolved "https://registry.yarnpkg.com/convert-to-spaces/-/convert-to-spaces-2.0.1.tgz#61a6c98f8aa626c16b296b862a91412a33bceb6b"
  integrity sha512-rcQ1bsQO9799wq24uE5AM2tAILy4gXGIK/njFWcVQkGNZ96edlpY+A7bjwvzjYvLDyzmG1MmMLZhpcsb+klNMQ==

create-require@^1.1.0:
  version "1.1.1"
  resolved "https://registry.yarnpkg.com/create-require/-/create-require-1.1.1.tgz#c1d7e8f1e5f6cfc9ff65f9cd352d37348756c333"
  integrity sha512-dcKFX3jn0MpIaXjisoRvexIJVEKzaq7z2rZKxf+MSr9TkdmHmsU4m2lcLojrj/FHl8mk5VxMmYA+ftRkP/3oKQ==

csstype@^3.0.2:
  version "3.1.2"
  resolved "https://registry.yarnpkg.com/csstype/-/csstype-3.1.2.tgz#1d4bf9d572f11c14031f0436e1c10bc1f571f50b"
  integrity sha512-I7K1Uu0MBPzaFKg4nI5Q7Vs2t+3gWWW648spaF+Rg7pI9ds18Ugn+lvg4SHczUdKlHI5LWBXyqfS8+DufyBsgQ==

diff@^4.0.1:
  version "4.0.2"
  resolved "https://registry.yarnpkg.com/diff/-/diff-4.0.2.tgz#60f3aecb89d5fae520c11aa19efc2bb982aade7d"
  integrity sha512-58lmxKSA4BNyLz+HHMUzlOEpg09FV+ev6ZMe3vJihgdxzgcwZ8VoEEPmALCZG9LmqfVoNMMKpttIYTVG6uDY7A==

eastasianwidth@^0.2.0:
  version "0.2.0"
  resolved "https://registry.yarnpkg.com/eastasianwidth/-/eastasianwidth-0.2.0.tgz#696ce2ec0aa0e6ea93a397ffcf24aa7840c827cb"
  integrity sha512-I88TYZWc9XiYHRQ4/3c5rjjfgkjhLyW2luGIheGERbNQ6OY7yTybanSpDXZa8y7VUP9YmDcYa+eyq4ca7iLqWA==

emoji-regex@^9.2.2:
  version "9.2.2"
  resolved "https://registry.yarnpkg.com/emoji-regex/-/emoji-regex-9.2.2.tgz#840c8803b0d8047f4ff0cf963176b32d4ef3ed72"
  integrity sha512-L18DaJsXSUk2+42pv8mLs5jJT2hqFkFE4j21wOmgbUqsZ2hL72NsUU785g9RXgo3s0ZNgVl42TiHp3ZtOv/Vyg==

esbuild@^0.19.5:
  version "0.19.5"
  resolved "https://registry.yarnpkg.com/esbuild/-/esbuild-0.19.5.tgz#53a0e19dfbf61ba6c827d51a80813cf071239a8c"
  integrity sha512-bUxalY7b1g8vNhQKdB24QDmHeY4V4tw/s6Ak5z+jJX9laP5MoQseTOMemAr0gxssjNcH0MCViG8ONI2kksvfFQ==
  optionalDependencies:
    "@esbuild/android-arm" "0.19.5"
    "@esbuild/android-arm64" "0.19.5"
    "@esbuild/android-x64" "0.19.5"
    "@esbuild/darwin-arm64" "0.19.5"
    "@esbuild/darwin-x64" "0.19.5"
    "@esbuild/freebsd-arm64" "0.19.5"
    "@esbuild/freebsd-x64" "0.19.5"
    "@esbuild/linux-arm" "0.19.5"
    "@esbuild/linux-arm64" "0.19.5"
    "@esbuild/linux-ia32" "0.19.5"
    "@esbuild/linux-loong64" "0.19.5"
    "@esbuild/linux-mips64el" "0.19.5"
    "@esbuild/linux-ppc64" "0.19.5"
    "@esbuild/linux-riscv64" "0.19.5"
    "@esbuild/linux-s390x" "0.19.5"
    "@esbuild/linux-x64" "0.19.5"
    "@esbuild/netbsd-x64" "0.19.5"
    "@esbuild/openbsd-x64" "0.19.5"
    "@esbuild/sunos-x64" "0.19.5"
    "@esbuild/win32-arm64" "0.19.5"
    "@esbuild/win32-ia32" "0.19.5"
    "@esbuild/win32-x64" "0.19.5"

escape-string-regexp@^2.0.0:
  version "2.0.0"
  resolved "https://registry.yarnpkg.com/escape-string-regexp/-/escape-string-regexp-2.0.0.tgz#a30304e99daa32e23b2fd20f51babd07cffca344"
  integrity sha512-UpzcLCXolUWcNu5HtVMHYdXJjArjsF9C0aNnquZYY4uW/Vu0miy5YoWvbV345HauVvcAUnpRuhMMcqTcGOY2+w==

fuzzy@^0.1.3:
  version "0.1.3"
  resolved "https://registry.yarnpkg.com/fuzzy/-/fuzzy-0.1.3.tgz#4c76ec2ff0ac1a36a9dccf9a00df8623078d4ed8"
  integrity sha512-/gZffu4ykarLrCiP3Ygsa86UAo1E5vEVlvTrpkKywXSbP9Xhln3oSp9QSV57gEq3JFFpGJ4GZ+5zdEp3FcUh4w==

indent-string@^5.0.0:
  version "5.0.0"
  resolved "https://registry.yarnpkg.com/indent-string/-/indent-string-5.0.0.tgz#4fd2980fccaf8622d14c64d694f4cf33c81951a5"
  integrity sha512-m6FAo/spmsW2Ab2fU35JTYwtOKa2yAwXSwgjSv1TJzh4Mh7mC3lzAOVLBprb72XsTrgkEIsl7YrFNAiDiRhIGg==

ink@^4.4.1:
  version "4.4.1"
  resolved "https://registry.yarnpkg.com/ink/-/ink-4.4.1.tgz#ae684a141e92524af3eccf740c38f03618b48028"
  integrity sha512-rXckvqPBB0Krifk5rn/5LvQGmyXwCUpBfmTwbkQNBY9JY8RSl3b8OftBNEYxg4+SWUhEKcPifgope28uL9inlA==
  dependencies:
    "@alcalzone/ansi-tokenize" "^0.1.3"
    ansi-escapes "^6.0.0"
    auto-bind "^5.0.1"
    chalk "^5.2.0"
    cli-boxes "^3.0.0"
    cli-cursor "^4.0.0"
    cli-truncate "^3.1.0"
    code-excerpt "^4.0.0"
    indent-string "^5.0.0"
    is-ci "^3.0.1"
    is-lower-case "^2.0.2"
    is-upper-case "^2.0.2"
    lodash "^4.17.21"
    patch-console "^2.0.0"
    react-reconciler "^0.29.0"
    scheduler "^0.23.0"
    signal-exit "^3.0.7"
    slice-ansi "^6.0.0"
    stack-utils "^2.0.6"
    string-width "^5.1.2"
    type-fest "^0.12.0"
    widest-line "^4.0.1"
    wrap-ansi "^8.1.0"
    ws "^8.12.0"
    yoga-wasm-web "~0.3.3"

is-ci@^3.0.1:
  version "3.0.1"
  resolved "https://registry.yarnpkg.com/is-ci/-/is-ci-3.0.1.tgz#db6ecbed1bd659c43dac0f45661e7674103d1867"
  integrity sha512-ZYvCgrefwqoQ6yTyYUbQu64HsITZ3NfKX1lzaEYdkTDcfKzzCI/wthRRYKkdjHKFVgNiXKAKm65Zo1pk2as/QQ==
  dependencies:
    ci-info "^3.2.0"

is-fullwidth-code-point@^4.0.0:
  version "4.0.0"
  resolved "https://registry.yarnpkg.com/is-fullwidth-code-point/-/is-fullwidth-code-point-4.0.0.tgz#fae3167c729e7463f8461ce512b080a49268aa88"
  integrity sha512-O4L094N2/dZ7xqVdrXhh9r1KODPJpFms8B5sGdJLPy664AgvXsreZUyCQQNItZRDlYug4xStLjNp/sz3HvBowQ==

is-lower-case@^2.0.2:
  version "2.0.2"
  resolved "https://registry.yarnpkg.com/is-lower-case/-/is-lower-case-2.0.2.tgz#1c0884d3012c841556243483aa5d522f47396d2a"
  integrity sha512-bVcMJy4X5Og6VZfdOZstSexlEy20Sr0k/p/b2IlQJlfdKAQuMpiv5w2Ccxb8sKdRUNAG1PnHVHjFSdRDVS6NlQ==
  dependencies:
    tslib "^2.0.3"

is-upper-case@^2.0.2:
  version "2.0.2"
  resolved "https://registry.yarnpkg.com/is-upper-case/-/is-upper-case-2.0.2.tgz#f1105ced1fe4de906a5f39553e7d3803fd804649"
  integrity sha512-44pxmxAvnnAOwBg4tHPnkfvgjPwbc5QIsSstNU+YcJ1ovxVzCWpSGosPJOZh/a1tdl81fbgnLc9LLv+x2ywbPQ==
  dependencies:
    tslib "^2.0.3"

"js-tokens@^3.0.0 || ^4.0.0":
  version "4.0.0"
  resolved "https://registry.yarnpkg.com/js-tokens/-/js-tokens-4.0.0.tgz#19203fb59991df98e3a287050d4647cdeaf32499"
  integrity sha512-RdJUflcE3cUzKiMqQgsCu06FPu9UdIJO0beYbPhHN4k6apgJtifcoCtT9bcxOpYBtpD2kCM6Sbzg4CausW/PKQ==

lodash@^4.17.21:
  version "4.17.21"
  resolved "https://registry.yarnpkg.com/lodash/-/lodash-4.17.21.tgz#679591c564c3bffaae8454cf0b3df370c3d6911c"
  integrity sha512-v2kDEe57lecTulaDIuNTPy3Ry4gLGJ6Z1O3vE1krgXZNrsQ+LFTGHVxVjcXPs17LhbZVGedAJv8XZ1tvj5FvSg==

loose-envify@^1.1.0:
  version "1.4.0"
  resolved "https://registry.yarnpkg.com/loose-envify/-/loose-envify-1.4.0.tgz#71ee51fa7be4caec1a63839f7e682d8132d30caf"
  integrity sha512-lyuxPGr/Wfhrlem2CL/UcnUc1zcqKAImBDzukY7Y5F/yQiNdko6+fRLevlw1HgMySw7f611UIY408EtxRSoK3Q==
  dependencies:
    js-tokens "^3.0.0 || ^4.0.0"

make-error@^1.1.1:
  version "1.3.6"
  resolved "https://registry.yarnpkg.com/make-error/-/make-error-1.3.6.tgz#2eb2e37ea9b67c4891f684a1394799af484cf7a2"
  integrity sha512-s8UhlNe7vPKomQhC1qFelMokr/Sc3AgNbso3n74mVPA5LTZwkB9NlXf4XPamLxJE8h0gh73rM94xvwRT2CVInw==

mimic-fn@^2.1.0:
  version "2.1.0"
  resolved "https://registry.yarnpkg.com/mimic-fn/-/mimic-fn-2.1.0.tgz#7ed2c2ccccaf84d3ffcb7a69b57711fc2083401b"
  integrity sha512-OqbOk5oEQeAZ8WXWydlu9HJjz9WVdEIvamMCcXmuqUYjTknH/sqsWvhQ3vgwKFRR1HpjvNBKQ37nbJgYzGqGcg==

onetime@^5.1.0:
  version "5.1.2"
  resolved "https://registry.yarnpkg.com/onetime/-/onetime-5.1.2.tgz#d0e96ebb56b07476df1dd9c4806e5237985ca45e"
  integrity sha512-kbpaSSGJTWdAY5KPVeMOKXSrPtr8C8C7wodJbcsd51jRnmD+GZu8Y0VoU6Dm5Z4vWr0Ig/1NKuWRKf7j5aaYSg==
  dependencies:
    mimic-fn "^2.1.0"

patch-console@^2.0.0:
  version "2.0.0"
  resolved "https://registry.yarnpkg.com/patch-console/-/patch-console-2.0.0.tgz#9023f4665840e66f40e9ce774f904a63167433bb"
  integrity sha512-0YNdUceMdaQwoKce1gatDScmMo5pu/tfABfnzEqeG0gtTmd7mh/WcwgUjtAeOU7N8nFFlbQBnFK2gXW5fGvmMA==

react-reconciler@^0.29.0:
  version "0.29.0"
  resolved "https://registry.yarnpkg.com/react-reconciler/-/react-reconciler-0.29.0.tgz#ee769bd362915076753f3845822f2d1046603de7"
  integrity sha512-wa0fGj7Zht1EYMRhKWwoo1H9GApxYLBuhoAuXN0TlltESAjDssB+Apf0T/DngVqaMyPypDmabL37vw/2aRM98Q==
  dependencies:
    loose-envify "^1.1.0"
    scheduler "^0.23.0"

react@^18.2.0:
  version "18.2.0"
  resolved "https://registry.yarnpkg.com/react/-/react-18.2.0.tgz#555bd98592883255fa00de14f1151a917b5d77d5"
  integrity sha512-/3IjMdb2L9QbBdWiW5e3P2/npwMBaU9mHCSCUzNln0ZCYbcfTsGbTJrU/kGemdH2IWmB2ioZ+zkxtmq6g09fGQ==
  dependencies:
    loose-envify "^1.1.0"

restore-cursor@^4.0.0:
  version "4.0.0"
  resolved "https://registry.yarnpkg.com/restore-cursor/-/restore-cursor-4.0.0.tgz#519560a4318975096def6e609d44100edaa4ccb9"
  integrity sha512-I9fPXU9geO9bHOt9pHHOhOkYerIMsmVaWB0rA2AI9ERh/+x/i7MV5HKBNrg+ljO5eoPVgCcnFuRjJ9uH6I/3eg==
  dependencies:
    onetime "^5.1.0"
    signal-exit "^3.0.2"

scheduler@^0.23.0:
  version "0.23.0"
  resolved "https://registry.yarnpkg.com/scheduler/-/scheduler-0.23.0.tgz#ba8041afc3d30eb206a487b6b384002e4e61fdfe"
  integrity sha512-CtuThmgHNg7zIZWAXi3AsyIzA3n4xx7aNyjwC2VJldO2LMVDhFK+63xGqq6CsJH4rTAt6/M+N4GhZiDYPx9eUw==
  dependencies:
    loose-envify "^1.1.0"

signal-exit@^3.0.2, signal-exit@^3.0.7:
  version "3.0.7"
  resolved "https://registry.yarnpkg.com/signal-exit/-/signal-exit-3.0.7.tgz#a9a1767f8af84155114eaabd73f99273c8f59ad9"
  integrity sha512-wnD2ZE+l+SPC/uoS0vXeE9L1+0wuaMqKlfz9AMUo38JsyLSBWSFcHR1Rri62LZc12vLr1gb3jl7iwQhgwpAbGQ==

slice-ansi@^5.0.0:
  version "5.0.0"
  resolved "https://registry.yarnpkg.com/slice-ansi/-/slice-ansi-5.0.0.tgz#b73063c57aa96f9cd881654b15294d95d285c42a"
  integrity sha512-FC+lgizVPfie0kkhqUScwRu1O/lF6NOgJmlCgK+/LYxDCTk8sGelYaHDhFcDN+Sn3Cv+3VSa4Byeo+IMCzpMgQ==
  dependencies:
    ansi-styles "^6.0.0"
    is-fullwidth-code-point "^4.0.0"

slice-ansi@^6.0.0:
  version "6.0.0"
  resolved "https://registry.yarnpkg.com/slice-ansi/-/slice-ansi-6.0.0.tgz#f08a1e6703e3598256b667f015ccef9f12c59f7c"
  integrity sha512-6bn4hRfkTvDfUoEQYkERg0BVF1D0vrX9HEkMl08uDiNWvVvjylLHvZFZWkDo6wjT8tUctbYl1nCOuE66ZTaUtA==
  dependencies:
    ansi-styles "^6.2.1"
    is-fullwidth-code-point "^4.0.0"

stack-utils@^2.0.6:
  version "2.0.6"
  resolved "https://registry.yarnpkg.com/stack-utils/-/stack-utils-2.0.6.tgz#aaf0748169c02fc33c8232abccf933f54a1cc34f"
  integrity sha512-XlkWvfIm6RmsWtNJx+uqtKLS8eqFbxUg0ZzLXqY0caEy9l7hruX8IpiDnjsLavoBgqCCR71TqWO8MaXYheJ3RQ==
  dependencies:
    escape-string-regexp "^2.0.0"

string-width@^5.0.0, string-width@^5.0.1, string-width@^5.1.2:
  version "5.1.2"
  resolved "https://registry.yarnpkg.com/string-width/-/string-width-5.1.2.tgz#14f8daec6d81e7221d2a357e668cab73bdbca794"
  integrity sha512-HnLOCR3vjcY8beoNLtcjZ5/nxn2afmME6lhrDrebokqMap+XbeW8n9TXpPDOqdGK5qcI3oT0GKTW6wC7EMiVqA==
  dependencies:
    eastasianwidth "^0.2.0"
    emoji-regex "^9.2.2"
    strip-ansi "^7.0.1"

strip-ansi@^7.0.1:
  version "7.1.0"
  resolved "https://registry.yarnpkg.com/strip-ansi/-/strip-ansi-7.1.0.tgz#d5b6568ca689d8561370b0707685d22434faff45"
  integrity sha512-iq6eVVI64nQQTRYq2KtEg2d2uU7LElhTJwsH4YzIHZshxlgZms/wIc4VoDQTlG/IvVIrBKG06CrZnp0qv7hkcQ==
  dependencies:
    ansi-regex "^6.0.1"

ts-node@^10.9.1:
  version "10.9.1"
  resolved "https://registry.yarnpkg.com/ts-node/-/ts-node-10.9.1.tgz#e73de9102958af9e1f0b168a6ff320e25adcff4b"
  integrity sha512-NtVysVPkxxrwFGUUxGYhfux8k78pQB3JqYBXlLRZgdGUqTO5wU/UyHop5p70iEbGhB7q5KmiZiU0Y3KlJrScEw==
  dependencies:
    "@cspotcode/source-map-support" "^0.8.0"
    "@tsconfig/node10" "^1.0.7"
    "@tsconfig/node12" "^1.0.7"
    "@tsconfig/node14" "^1.0.0"
    "@tsconfig/node16" "^1.0.2"
    acorn "^8.4.1"
    acorn-walk "^8.1.1"
    arg "^4.1.0"
    create-require "^1.1.0"
    diff "^4.0.1"
    make-error "^1.1.1"
    v8-compile-cache-lib "^3.0.1"
    yn "3.1.1"

tslib@^2.0.3:
  version "2.6.2"
  resolved "https://registry.yarnpkg.com/tslib/-/tslib-2.6.2.tgz#703ac29425e7b37cd6fd456e92404d46d1f3e4ae"
  integrity sha512-AEYxH93jGFPn/a2iVAwW87VuUIkR1FVUKB77NwMF7nBTDkDrrT/Hpt/IrCJ0QXhW27jTBDcf5ZY7w6RiqTMw2Q==

type-fest@^0.12.0:
  version "0.12.0"
  resolved "https://registry.yarnpkg.com/type-fest/-/type-fest-0.12.0.tgz#f57a27ab81c68d136a51fd71467eff94157fa1ee"
  integrity sha512-53RyidyjvkGpnWPMF9bQgFtWp+Sl8O2Rp13VavmJgfAP9WWG6q6TkrKU8iyJdnwnfgHI6k2hTlgqH4aSdjoTbg==

type-fest@^3.0.0:
  version "3.13.1"
  resolved "https://registry.yarnpkg.com/type-fest/-/type-fest-3.13.1.tgz#bb744c1f0678bea7543a2d1ec24e83e68e8c8706"
  integrity sha512-tLq3bSNx+xSpwvAJnzrK0Ep5CLNWjvFTOp71URMaAEWBfRb9nnJiBoUe0tF8bI4ZFO3omgBR6NvnbzVUT3Ly4g==

typescript@^5.2.2:
  version "5.2.2"
  resolved "https://registry.yarnpkg.com/typescript/-/typescript-5.2.2.tgz#5ebb5e5a5b75f085f22bc3f8460fba308310fa78"
  integrity sha512-mI4WrpHsbCIcwT9cF4FZvr80QUeKvsUsUvKDoR+X/7XHQH98xYD8YHZg7ANtz2GtZt/CBq2QJ0thkGJMHfqc1w==

undici-types@~5.26.4:
  version "5.26.5"
  resolved "https://registry.yarnpkg.com/undici-types/-/undici-types-5.26.5.tgz#bcd539893d00b56e964fd2657a4866b221a65617"
  integrity sha512-JlCMO+ehdEIKqlFxk6IfVoAUVmgz7cU7zD/h9XZ0qzeosSHmUJVOzSQvvYSYWXkFXC+IfLKSIffhv0sVZup6pA==

v8-compile-cache-lib@^3.0.1:
  version "3.0.1"
  resolved "https://registry.yarnpkg.com/v8-compile-cache-lib/-/v8-compile-cache-lib-3.0.1.tgz#6336e8d71965cb3d35a1bbb7868445a7c05264bf"
  integrity sha512-wa7YjyUGfNZngI/vtK0UHAN+lgDCxBPCylVXGp0zu59Fz5aiGtNXaq3DhIov063MorB+VfufLh3JlF2KdTK3xg==

widest-line@^4.0.1:
  version "4.0.1"
  resolved "https://registry.yarnpkg.com/widest-line/-/widest-line-4.0.1.tgz#a0fc673aaba1ea6f0a0d35b3c2795c9a9cc2ebf2"
  integrity sha512-o0cyEG0e8GPzT4iGHphIOh0cJOV8fivsXxddQasHPHfoZf1ZexrfeA21w2NaEN1RHE+fXlfISmOE8R9N3u3Qig==
  dependencies:
    string-width "^5.0.1"

wrap-ansi@^8.1.0:
  version "8.1.0"
  resolved "https://registry.yarnpkg.com/wrap-ansi/-/wrap-ansi-8.1.0.tgz#56dc22368ee570face1b49819975d9b9a5ead214"
  integrity sha512-si7QWI6zUMq56bESFvagtmzMdGOtoxfR+Sez11Mobfc7tm+VkUckk9bW2UeffTGVUbOksxmSw0AA2gs8g71NCQ==
  dependencies:
    ansi-styles "^6.1.0"
    string-width "^5.0.1"
    strip-ansi "^7.0.1"

ws@^8.12.0:
  version "8.14.2"
  resolved "https://registry.yarnpkg.com/ws/-/ws-8.14.2.tgz#6c249a806eb2db7a20d26d51e7709eab7b2e6c7f"
  integrity sha512-wEBG1ftX4jcglPxgFCMJmZ2PLtSbJ2Peg6TmpJFTbe9GZYOQCDPdMYu/Tm0/bGZkw8paZnJY45J4K2PZrLYq8g==

yn@3.1.1:
  version "3.1.1"
  resolved "https://registry.yarnpkg.com/yn/-/yn-3.1.1.tgz#1e87401a09d767c1d5eab26a6e4c185182d2eb50"
  integrity sha512-Ux4ygGWsu2c7isFWe8Yu1YluJmqVhxqK2cLXNQA5AcC3QfbGNpM7fu0Y8b/z16pXLnFxZYvWhd3fhBY9DLmC6Q==

yoga-wasm-web@~0.3.3:
  version "0.3.3"
  resolved "https://registry.yarnpkg.com/yoga-wasm-web/-/yoga-wasm-web-0.3.3.tgz#eb8e9fcb18e5e651994732f19a220cb885d932ba"
  integrity sha512-N+d4UJSJbt/R3wqY7Coqs5pcV0aUj2j9IaQ3rNj9bVCLld8tTGKRa2USARjnvZJWVx1NDmQev8EknoczaOQDOA==
